{
  "name": "ykonsole",
  "version": "0.0.0",
  "lockfileVersion": 1,
  "requires": true,
  "dependencies": {
    "@sblendid/adapter-node": {
      "version": "0.2.0",
      "resolved": "https://registry.npmjs.org/@sblendid/adapter-node/-/adapter-node-0.2.0.tgz",
      "integrity": "sha512-SmXiZtLlySGI+BXxQwPA6AcCDWx+RYYiWplwY+gQZArkOxbu88pVp4RwNwXLfETMTARQ6ouzcNUAXabe8oRJAQ=="
    },
    "@sblendid/sblendid": {
      "version": "0.2.0",
      "resolved": "https://registry.npmjs.org/@sblendid/sblendid/-/sblendid-0.2.0.tgz",
      "integrity": "sha512-CBTXHFX22Xe/8fLpPGiv8l6wTmJkppPJO3OXinI5H/4LZB0xLJ37eQ5+RuGOZacnc+sOOIzIO8ZUgN5U/D1Hjg=="
    }
  }
}
